
Microsoft Visual Studio Solution File, Format Version 12.00
# Visual Studio Version 16
VisualStudioVersion = 16.0.29215.179
MinimumVisualStudioVersion = 10.0.40219.1
Project("{2150E333-8FDC-42A3-9474-1A3956D46DE8}") = "src", "src", "{FCDE85FB-C2CB-4898-B241-B3FD0FD269EA}"
EndProject
Project("{FAE04EC0-301F-11D3-BF4B-00C04F79EFBC}") = "Domain", "src\Domain\Domain.csproj", "{356B0AD5-EB08-4410-8666-CA3BED697EF7}"
EndProject
Project("{FAE04EC0-301F-11D3-BF4B-00C04F79EFBC}") = "Persistence", "src\Persistence\Persistence.csproj", "{6631CE44-BC73-4A16-AE4E-3684F51B242A}"
EndProject
Project("{FAE04EC0-301F-11D3-BF4B-00C04F79EFBC}") = "Application", "src\Application\Application.csproj", "{F784A3FC-F67F-47D3-A69B-4E5EA87D908E}"
EndProject
Project("{FAE04EC0-301F-11D3-BF4B-00C04F79EFBC}") = "API", "src\API\API.csproj", "{025F614B-B0B5-42E7-84F0-37B37EB1FCCC}"
EndProject
Global
	GlobalSection(SolutionConfigurationPlatforms) = preSolution
		Debug|Any CPU = Debug|Any CPU
		Release|Any CPU = Release|Any CPU
	EndGlobalSection
	GlobalSection(ProjectConfigurationPlatforms) = postSolution
		{356B0AD5-EB08-4410-8666-CA3BED697EF7}.Debug|Any CPU.ActiveCfg = Debug|Any CPU
		{356B0AD5-EB08-4410-8666-CA3BED697EF7}.Debug|Any CPU.Build.0 = Debug|Any CPU
		{356B0AD5-EB08-4410-8666-CA3BED697EF7}.Release|Any CPU.ActiveCfg = Release|Any CPU
		{356B0AD5-EB08-4410-8666-CA3BED697EF7}.Release|Any CPU.Build.0 = Release|Any CPU
		{6631CE44-BC73-4A16-AE4E-3684F51B242A}.Debug|Any CPU.ActiveCfg = Debug|Any CPU
		{6631CE44-BC73-4A16-AE4E-3684F51B242A}.Debug|Any CPU.Build.0 = Debug|Any CPU
		{6631CE44-BC73-4A16-AE4E-3684F51B242A}.Release|Any CPU.ActiveCfg = Release|Any CPU
		{6631CE44-BC73-4A16-AE4E-3684F51B242A}.Release|Any CPU.Build.0 = Release|Any CPU
		{F784A3FC-F67F-47D3-A69B-4E5EA87D908E}.Debug|Any CPU.ActiveCfg = Debug|Any CPU
		{F784A3FC-F67F-47D3-A69B-4E5EA87D908E}.Debug|Any CPU.Build.0 = Debug|Any CPU
		{F784A3FC-F67F-47D3-A69B-4E5EA87D908E}.Release|Any CPU.ActiveCfg = Release|Any CPU
		{F784A3FC-F67F-47D3-A69B-4E5EA87D908E}.Release|Any CPU.Build.0 = Release|Any CPU
		{025F614B-B0B5-42E7-84F0-37B37EB1FCCC}.Debug|Any CPU.ActiveCfg = Debug|Any CPU
		{025F614B-B0B5-42E7-84F0-37B37EB1FCCC}.Debug|Any CPU.Build.0 = Debug|Any CPU
		{025F614B-B0B5-42E7-84F0-37B37EB1FCCC}.Release|Any CPU.ActiveCfg = Release|Any CPU
		{025F614B-B0B5-42E7-84F0-37B37EB1FCCC}.Release|Any CPU.Build.0 = Release|Any CPU
	EndGlobalSection
	GlobalSection(SolutionProperties) = preSolution
		HideSolutionNode = FALSE
	EndGlobalSection
	GlobalSection(NestedProjects) = preSolution
		{356B0AD5-EB08-4410-8666-CA3BED697EF7} = {FCDE85FB-C2CB-4898-B241-B3FD0FD269EA}
		{6631CE44-BC73-4A16-AE4E-3684F51B242A} = {FCDE85FB-C2CB-4898-B241-B3FD0FD269EA}
		{F784A3FC-F67F-47D3-A69B-4E5EA87D908E} = {FCDE85FB-C2CB-4898-B241-B3FD0FD269EA}
		{025F614B-B0B5-42E7-84F0-37B37EB1FCCC} = {FCDE85FB-C2CB-4898-B241-B3FD0FD269EA}
	EndGlobalSection
	GlobalSection(ExtensibilityGlobals) = postSolution
		SolutionGuid = {4905BE65-E930-483B-BDC4-C0B6E9064F61}
	EndGlobalSection
EndGlobal
